
Microsoft Visual Studio Solution File, Format Version 12.00
# Visual Studio 15
VisualStudioVersion = 15.0.27703.2035
MinimumVisualStudioVersion = 10.0.40219.1
Project("{FAE04EC0-301F-11D3-BF4B-00C04F79EFBC}") = "Program_v1", "Program_v1\Program_v1.csproj", "{B70BCFDE-5273-4C7E-A857-3F61DB15E0D8}"
EndProject
Global
	GlobalSection(SolutionConfigurationPlatforms) = preSolution
		Debug|Any CPU = Debug|Any CPU
		Release|Any CPU = Release|Any CPU
	EndGlobalSection
	GlobalSection(ProjectConfigurationPlatforms) = postSolution
		{B70BCFDE-5273-4C7E-A857-3F61DB15E0D8}.Debug|Any CPU.ActiveCfg = Debug|Any CPU
		{B70BCFDE-5273-4C7E-A857-3F61DB15E0D8}.Debug|Any CPU.Build.0 = Debug|Any CPU
		{B70BCFDE-5273-4C7E-A857-3F61DB15E0D8}.Release|Any CPU.ActiveCfg = Release|Any CPU
		{B70BCFDE-5273-4C7E-A857-3F61DB15E0D8}.Release|Any CPU.Build.0 = Release|Any CPU
	EndGlobalSection
	GlobalSection(SolutionProperties) = preSolution
		HideSolutionNode = FALSE
	EndGlobalSection
	GlobalSection(ExtensibilityGlobals) = postSolution
		SolutionGuid = {BFB97361-B4AB-459C-AB20-8E013BB5C63C}
	EndGlobalSection
EndGlobal
